// !$*UTF8*$!
{
	archiveVersion = 1;
	classes = {
	};
	objectVersion = 55;
	objects = {

/* Begin PBXBuildFile section */
		6D46831E289D6FD8007FB56D /* HotCoffee_ExpApp.swift in Sources */ = {isa = PBXBuildFile; fileRef = 6D46831D289D6FD8007FB56D /* HotCoffee_ExpApp.swift */; };
		6D468322289D6FDA007FB56D /* Assets.xcassets in Resources */ = {isa = PBXBuildFile; fileRef = 6D468321289D6FDA007FB56D /* Assets.xcassets */; };
		6D468325289D6FDA007FB56D /* Preview Assets.xcassets in Resources */ = {isa = PBXBuildFile; fileRef = 6D468324289D6FDA007FB56D /* Preview Assets.xcassets */; };
		6D468327289D6FDA007FB56D /* Persistence.swift in Sources */ = {isa = PBXBuildFile; fileRef = 6D468326289D6FDA007FB56D /* Persistence.swift */; };
		6D46832A289D6FDA007FB56D /* HotCoffee_Exp.xcdatamodeld in Sources */ = {isa = PBXBuildFile; fileRef = 6D468328289D6FDA007FB56D /* HotCoffee_Exp.xcdatamodeld */; };
		6D468331289D7058007FB56D /* ContentView.swift in Sources */ = {isa = PBXBuildFile; fileRef = 6D468330289D7058007FB56D /* ContentView.swift */; };
		6D468335289D789B007FB56D /* CoreDataManager.swift in Sources */ = {isa = PBXBuildFile; fileRef = 6D468334289D789B007FB56D /* CoreDataManager.swift */; };
		6D468337289D79E8007FB56D /* NSManagedObjectContext.swift in Sources */ = {isa = PBXBuildFile; fileRef = 6D468336289D79E8007FB56D /* NSManagedObjectContext.swift */; };
		6D468339289D7B91007FB56D /* AddOrderViewModel.swift in Sources */ = {isa = PBXBuildFile; fileRef = 6D468338289D7B91007FB56D /* AddOrderViewModel.swift */; };
		6D46833B289D7BE2007FB56D /* AddOrderView.swift in Sources */ = {isa = PBXBuildFile; fileRef = 6D46833A289D7BE2007FB56D /* AddOrderView.swift */; };
		6D46833D289D933F007FB56D /* OrderListViewModel.swift in Sources */ = {isa = PBXBuildFile; fileRef = 6D46833C289D933F007FB56D /* OrderListViewModel.swift */; };
/* End PBXBuildFile section */

/* Begin PBXFileReference section */
		6D46831A289D6FD8007FB56D /* HotCoffee_Exp.app */ = {isa = PBXFileReference; explicitFileType = wrapper.application; includeInIndex = 0; path = HotCoffee_Exp.app; sourceTree = BUILT_PRODUCTS_DIR; };
		6D46831D289D6FD8007FB56D /* HotCoffee_ExpApp.swift */ = {isa = PBXFileReference; lastKnownFileType = sourcecode.swift; path = HotCoffee_ExpApp.swift; sourceTree = "<group>"; };
		6D468321289D6FDA007FB56D /* Assets.xcassets */ = {isa = PBXFileReference; lastKnownFileType = folder.assetcatalog; path = Assets.xcassets; sourceTree = "<group>"; };
		6D468324289D6FDA007FB56D /* Preview Assets.xcassets */ = {isa = PBXFileReference; lastKnownFileType = folder.assetcatalog; path = "Preview Assets.xcassets"; sourceTree = "<group>"; };
		6D468326289D6FDA007FB56D /* Persistence.swift */ = {isa = PBXFileReference; lastKnownFileType = sourcecode.swift; path = Persistence.swift; sourceTree = "<group>"; };
		6D468329289D6FDA007FB56D /* HotCoffee_Exp.xcdatamodel */ = {isa = PBXFileReference; lastKnownFileType = wrapper.xcdatamodel; path = HotCoffee_Exp.xcdatamodel; sourceTree = "<group>"; };
		6D468330289D7058007FB56D /* ContentView.swift */ = {isa = PBXFileReference; lastKnownFileType = sourcecode.swift; path = ContentView.swift; sourceTree = "<group>"; };
		6D468334289D789B007FB56D /* CoreDataManager.swift */ = {isa = PBXFileReference; lastKnownFileType = sourcecode.swift; path = CoreDataManager.swift; sourceTree = "<group>"; };
		6D468336289D79E8007FB56D /* NSManagedObjectContext.swift */ = {isa = PBXFileReference; lastKnownFileType = sourcecode.swift; path = NSManagedObjectContext.swift; sourceTree = "<group>"; };
		6D468338289D7B91007FB56D /* AddOrderViewModel.swift */ = {isa = PBXFileReference; lastKnownFileType = sourcecode.swift; path = AddOrderViewModel.swift; sourceTree = "<group>"; };
		6D46833A289D7BE2007FB56D /* AddOrderView.swift */ = {isa = PBXFileReference; lastKnownFileType = sourcecode.swift; path = AddOrderView.swift; sourceTree = "<group>"; };
		6D46833C289D933F007FB56D /* OrderListViewModel.swift */ = {isa = PBXFileReference; lastKnownFileType = sourcecode.swift; path = OrderListViewModel.swift; sourceTree = "<group>"; };
/* End PBXFileReference section */

/* Begin PBXFrameworksBuildPhase section */
		6D468317289D6FD8007FB56D /* Frameworks */ = {
			isa = PBXFrameworksBuildPhase;
			buildActionMask = 2147483647;
			files = (
			);
			runOnlyForDeploymentPostprocessing = 0;
		};
/* End PBXFrameworksBuildPhase section */

/* Begin PBXGroup section */
		6D468311289D6FD8007FB56D = {
			isa = PBXGroup;
			children = (
				6D46831C289D6FD8007FB56D /* HotCoffee_Exp */,
				6D46831B289D6FD8007FB56D /* Products */,
			);
			sourceTree = "<group>";
		};
		6D46831B289D6FD8007FB56D /* Products */ = {
			isa = PBXGroup;
			children = (
				6D46831A289D6FD8007FB56D /* HotCoffee_Exp.app */,
			);
			name = Products;
			sourceTree = "<group>";
		};
		6D46831C289D6FD8007FB56D /* HotCoffee_Exp */ = {
			isa = PBXGroup;
			children = (
				6D46831D289D6FD8007FB56D /* HotCoffee_ExpApp.swift */,
				6D468332289D777D007FB56D /* CoreData */,
				6D468333289D7869007FB56D /* Views */,
				6D468321289D6FDA007FB56D /* Assets.xcassets */,
				6D468323289D6FDA007FB56D /* Preview Content */,
			);
			path = HotCoffee_Exp;
			sourceTree = "<group>";
		};
		6D468323289D6FDA007FB56D /* Preview Content */ = {
			isa = PBXGroup;
			children = (
				6D468324289D6FDA007FB56D /* Preview Assets.xcassets */,
			);
			path = "Preview Content";
			sourceTree = "<group>";
		};
		6D468332289D777D007FB56D /* CoreData */ = {
			isa = PBXGroup;
			children = (
				6D468328289D6FDA007FB56D /* HotCoffee_Exp.xcdatamodeld */,
				6D468326289D6FDA007FB56D /* Persistence.swift */,
				6D468334289D789B007FB56D /* CoreDataManager.swift */,
				6D468336289D79E8007FB56D /* NSManagedObjectContext.swift */,
			);
			path = CoreData;
			sourceTree = "<group>";
		};
		6D468333289D7869007FB56D /* Views */ = {
			isa = PBXGroup;
			children = (
				6D468330289D7058007FB56D /* ContentView.swift */,
				6D46833A289D7BE2007FB56D /* AddOrderView.swift */,
				6D468338289D7B91007FB56D /* AddOrderViewModel.swift */,
				6D46833C289D933F007FB56D /* OrderListViewModel.swift */,
			);
			path = Views;
			sourceTree = "<group>";
		};
/* End PBXGroup section */

/* Begin PBXNativeTarget section */
		6D468319289D6FD8007FB56D /* HotCoffee_Exp */ = {
			isa = PBXNativeTarget;
			buildConfigurationList = 6D46832D289D6FDA007FB56D /* Build configuration list for PBXNativeTarget "HotCoffee_Exp" */;
			buildPhases = (
				6D468316289D6FD8007FB56D /* Sources */,
				6D468317289D6FD8007FB56D /* Frameworks */,
				6D468318289D6FD8007FB56D /* Resources */,
			);
			buildRules = (
			);
			dependencies = (
			);
			name = HotCoffee_Exp;
			productName = HotCoffee_Exp;
			productReference = 6D46831A289D6FD8007FB56D /* HotCoffee_Exp.app */;
			productType = "com.apple.product-type.application";
		};
/* End PBXNativeTarget section */

/* Begin PBXProject section */
		6D468312289D6FD8007FB56D /* Project object */ = {
			isa = PBXProject;
			attributes = {
				BuildIndependentTargetsInParallel = 1;
				LastSwiftUpdateCheck = 1340;
				LastUpgradeCheck = 1340;
				TargetAttributes = {
					6D468319289D6FD8007FB56D = {
						CreatedOnToolsVersion = 13.4.1;
					};
				};
			};
			buildConfigurationList = 6D468315289D6FD8007FB56D /* Build configuration list for PBXProject "HotCoffee_Exp" */;
			compatibilityVersion = "Xcode 13.0";
			developmentRegion = en;
			hasScannedForEncodings = 0;
			knownRegions = (
				en,
				Base,
			);
			mainGroup = 6D468311289D6FD8007FB56D;
			productRefGroup = 6D46831B289D6FD8007FB56D /* Products */;
			projectDirPath = "";
			projectRoot = "";
			targets = (
				6D468319289D6FD8007FB56D /* HotCoffee_Exp */,
			);
		};
/* End PBXProject section */

/* Begin PBXResourcesBuildPhase section */
		6D468318289D6FD8007FB56D /* Resources */ = {
			isa = PBXResourcesBuildPhase;
			buildActionMask = 2147483647;
			files = (
				6D468325289D6FDA007FB56D /* Preview Assets.xcassets in Resources */,
				6D468322289D6FDA007FB56D /* Assets.xcassets in Resources */,
			);
			runOnlyForDeploymentPostprocessing = 0;
		};
/* End PBXResourcesBuildPhase section */

/* Begin PBXSourcesBuildPhase section */
		6D468316289D6FD8007FB56D /* Sources */ = {
			isa = PBXSourcesBuildPhase;
			buildActionMask = 2147483647;
			files = (
				6D468327289D6FDA007FB56D /* Persistence.swift in Sources */,
				6D468337289D79E8007FB56D /* NSManagedObjectContext.swift in Sources */,
				6D46832A289D6FDA007FB56D /* HotCoffee_Exp.xcdatamodeld in Sources */,
				6D46833D289D933F007FB56D /* OrderListViewModel.swift in Sources */,
				6D468331289D7058007FB56D /* ContentView.swift in Sources */,
				6D468335289D789B007FB56D /* CoreDataManager.swift in Sources */,
				6D46833B289D7BE2007FB56D /* AddOrderView.swift in Sources */,
				6D468339289D7B91007FB56D /* AddOrderViewModel.swift in Sources */,
				6D46831E289D6FD8007FB56D /* HotCoffee_ExpApp.swift in Sources */,
			);
			runOnlyForDeploymentPostprocessing = 0;
		};
/* End PBXSourcesBuildPhase section */

/* Begin XCBuildConfiguration section */
		6D46832B289D6FDA007FB56D /* Debug */ = {
			isa = XCBuildConfiguration;
			buildSettings = {
				ALWAYS_SEARCH_USER_PATHS = NO;
				CLANG_ANALYZER_NONNULL = YES;
				CLANG_ANALYZER_NUMBER_OBJECT_CONVERSION = YES_AGGRESSIVE;
				CLANG_CXX_LANGUAGE_STANDARD = "gnu++17";
				CLANG_ENABLE_MODULES = YES;
				CLANG_ENABLE_OBJC_ARC = YES;
				CLANG_ENABLE_OBJC_WEAK = YES;
				CLANG_WARN_BLOCK_CAPTURE_AUTORELEASING = YES;
				CLANG_WARN_BOOL_CONVERSION = YES;
				CLANG_WARN_COMMA = YES;
				CLANG_WARN_CONSTANT_CONVERSION = YES;
				CLANG_WARN_DEPRECATED_OBJC_IMPLEMENTATIONS = YES;
				CLANG_WARN_DIRECT_OBJC_ISA_USAGE = YES_ERROR;
				CLANG_WARN_DOCUMENTATION_COMMENTS = YES;
				CLANG_WARN_EMPTY_BODY = YES;
				CLANG_WARN_ENUM_CONVERSION = YES;
				CLANG_WARN_INFINITE_RECURSION = YES;
				CLANG_WARN_INT_CONVERSION = YES;
				CLANG_WARN_NON_LITERAL_NULL_CONVERSION = YES;
				CLANG_WARN_OBJC_IMPLICIT_RETAIN_SELF = YES;
				CLANG_WARN_OBJC_LITERAL_CONVERSION = YES;
				CLANG_WARN_OBJC_ROOT_CLASS = YES_ERROR;
				CLANG_WARN_QUOTED_INCLUDE_IN_FRAMEWORK_HEADER = YES;
				CLANG_WARN_RANGE_LOOP_ANALYSIS = YES;
				CLANG_WARN_STRICT_PROTOTYPES = YES;
				CLANG_WARN_SUSPICIOUS_MOVE = YES;
				CLANG_WARN_UNGUARDED_AVAILABILITY = YES_AGGRESSIVE;
				CLANG_WARN_UNREACHABLE_CODE = YES;
				CLANG_WARN__DUPLICATE_METHOD_MATCH = YES;
				COPY_PHASE_STRIP = NO;
				DEBUG_INFORMATION_FORMAT = dwarf;
				ENABLE_STRICT_OBJC_MSGSEND = YES;
				ENABLE_TESTABILITY = YES;
				GCC_C_LANGUAGE_STANDARD = gnu11;
				GCC_DYNAMIC_NO_PIC = NO;
				GCC_NO_COMMON_BLOCKS = YES;
				GCC_OPTIMIZATION_LEVEL = 0;
				GCC_PREPROCESSOR_DEFINITIONS = (
					"DEBUG=1",
					"$(inherited)",
				);
				GCC_WARN_64_TO_32_BIT_CONVERSION = YES;
				GCC_WARN_ABOUT_RETURN_TYPE = YES_ERROR;
				GCC_WARN_UNDECLARED_SELECTOR = YES;
				GCC_WARN_UNINITIALIZED_AUTOS = YES_AGGRESSIVE;
				GCC_WARN_UNUSED_FUNCTION = YES;
				GCC_WARN_UNUSED_VARIABLE = YES;
				IPHONEOS_DEPLOYMENT_TARGET = 15.5;
				MTL_ENABLE_DEBUG_INFO = INCLUDE_SOURCE;
				MTL_FAST_MATH = YES;
				ONLY_ACTIVE_ARCH = YES;
				SDKROOT = iphoneos;
				SWIFT_ACTIVE_COMPILATION_CONDITIONS = DEBUG;
				SWIFT_OPTIMIZATION_LEVEL = "-Onone";
			};
			name = Debug;
		};
		6D46832C289D6FDA007FB56D /* Release */ = {
			isa = XCBuildConfiguration;
			buildSettings = {
				ALWAYS_SEARCH_USER_PATHS = NO;
				CLANG_ANALYZER_NONNULL = YES;
				CLANG_ANALYZER_NUMBER_OBJECT_CONVERSION = YES_AGGRESSIVE;
				CLANG_CXX_LANGUAGE_STANDARD = "gnu++17";
				CLANG_ENABLE_MODULES = YES;
				CLANG_ENABLE_OBJC_ARC = YES;
				CLANG_ENABLE_OBJC_WEAK = YES;
				CLANG_WARN_BLOCK_CAPTURE_AUTORELEASING = YES;
				CLANG_WARN_BOOL_CONVERSION = YES;
				CLANG_WARN_COMMA = YES;
				CLANG_WARN_CONSTANT_CONVERSION = YES;
				CLANG_WARN_DEPRECATED_OBJC_IMPLEMENTATIONS = YES;
				CLANG_WARN_DIRECT_OBJC_ISA_USAGE = YES_ERROR;
				CLANG_WARN_DOCUMENTATION_COMMENTS = YES;
				CLANG_WARN_EMPTY_BODY = YES;
				CLANG_WARN_ENUM_CONVERSION = YES;
				CLANG_WARN_INFINITE_RECURSION = YES;
				CLANG_WARN_INT_CONVERSION = YES;
				CLANG_WARN_NON_LITERAL_NULL_CONVERSION = YES;
				CLANG_WARN_OBJC_IMPLICIT_RETAIN_SELF = YES;
				CLANG_WARN_OBJC_LITERAL_CONVERSION = YES;
				CLANG_WARN_OBJC_ROOT_CLASS = YES_ERROR;
				CLANG_WARN_QUOTED_INCLUDE_IN_FRAMEWORK_HEADER = YES;
				CLANG_WARN_RANGE_LOOP_ANALYSIS = YES;
				CLANG_WARN_STRICT_PROTOTYPES = YES;
				CLANG_WARN_SUSPICIOUS_MOVE = YES;
				CLANG_WARN_UNGUARDED_AVAILABILITY = YES_AGGRESSIVE;
				CLANG_WARN_UNREACHABLE_CODE = YES;
				CLANG_WARN__DUPLICATE_METHOD_MATCH = YES;
				COPY_PHASE_STRIP = NO;
				DEBUG_INFORMATION_FORMAT = "dwarf-with-dsym";
				ENABLE_NS_ASSERTIONS = NO;
				ENABLE_STRICT_OBJC_MSGSEND = YES;
				GCC_C_LANGUAGE_STANDARD = gnu11;
				GCC_NO_COMMON_BLOCKS = YES;
				GCC_WARN_64_TO_32_BIT_CONVERSION = YES;
				GCC_WARN_ABOUT_RETURN_TYPE = YES_ERROR;
				GCC_WARN_UNDECLARED_SELECTOR = YES;
				GCC_WARN_UNINITIALIZED_AUTOS = YES_AGGRESSIVE;
				GCC_WARN_UNUSED_FUNCTION = YES;
				GCC_WARN_UNUSED_VARIABLE = YES;
				IPHONEOS_DEPLOYMENT_TARGET = 15.5;
				MTL_ENABLE_DEBUG_INFO = NO;
				MTL_FAST_MATH = YES;
				SDKROOT = iphoneos;
				SWIFT_COMPILATION_MODE = wholemodule;
				SWIFT_OPTIMIZATION_LEVEL = "-O";
				VALIDATE_PRODUCT = YES;
			};
			name = Release;
		};
		6D46832E289D6FDA007FB56D /* Debug */ = {
			isa = XCBuildConfiguration;
			buildSettings = {
				ASSETCATALOG_COMPILER_APPICON_NAME = AppIcon;
				ASSETCATALOG_COMPILER_GLOBAL_ACCENT_COLOR_NAME = AccentColor;
				CODE_SIGN_STYLE = Automatic;
				CURRENT_PROJECT_VERSION = 1;
				DEVELOPMENT_ASSET_PATHS = "\"HotCoffee_Exp/Preview Content\"";
				DEVELOPMENT_TEAM = JTXRWNZ3Q3;
				ENABLE_PREVIEWS = YES;
				GENERATE_INFOPLIST_FILE = YES;
				INFOPLIST_KEY_UIApplicationSceneManifest_Generation = YES;
				INFOPLIST_KEY_UIApplicationSupportsIndirectInputEvents = YES;
				INFOPLIST_KEY_UILaunchScreen_Generation = YES;
				INFOPLIST_KEY_UISupportedInterfaceOrientations_iPad = "UIInterfaceOrientationPortrait UIInterfaceOrientationPortraitUpsideDown UIInterfaceOrientationLandscapeLeft UIInterfaceOrientationLandscapeRight";
				INFOPLIST_KEY_UISupportedInterfaceOrientations_iPhone = "UIInterfaceOrientationPortrait UIInterfaceOrientationLandscapeLeft UIInterfaceOrientationLandscapeRight";
				LD_RUNPATH_SEARCH_PATHS = (
					"$(inherited)",
					"@executable_path/Frameworks",
				);
				MARKETING_VERSION = 1.0;
				PRODUCT_BUNDLE_IDENTIFIER = "com.ShakFeizi.HotCoffee-Exp";
				PRODUCT_NAME = "$(TARGET_NAME)";
				SWIFT_EMIT_LOC_STRINGS = YES;
				SWIFT_VERSION = 5.0;
				TARGETED_DEVICE_FAMILY = "1,2";
			};
			name = Debug;
		};
		6D46832F289D6FDA007FB56D /* Release */ = {
			isa = XCBuildConfiguration;
			buildSettings = {
				ASSETCATALOG_COMPILER_APPICON_NAME = AppIcon;
				ASSETCATALOG_COMPILER_GLOBAL_ACCENT_COLOR_NAME = AccentColor;
				CODE_SIGN_STYLE = Automatic;
				CURRENT_PROJECT_VERSION = 1;
				DEVELOPMENT_ASSET_PATHS = "\"HotCoffee_Exp/Preview Content\"";
				DEVELOPMENT_TEAM = JTXRWNZ3Q3;
				ENABLE_PREVIEWS = YES;
				GENERATE_INFOPLIST_FILE = YES;
				INFOPLIST_KEY_UIApplicationSceneManifest_Generation = YES;
				INFOPLIST_KEY_UIApplicationSupportsIndirectInputEvents = YES;
				INFOPLIST_KEY_UILaunchScreen_Generation = YES;
				INFOPLIST_KEY_UISupportedInterfaceOrientations_iPad = "UIInterfaceOrientationPortrait UIInterfaceOrientationPortraitUpsideDown UIInterfaceOrientationLandscapeLeft UIInterfaceOrientationLandscapeRight";
				INFOPLIST_KEY_UISupportedInterfaceOrientations_iPhone = "UIInterfaceOrientationPortrait UIInterfaceOrientationLandscapeLeft UIInterfaceOrientationLandscapeRight";
				LD_RUNPATH_SEARCH_PATHS = (
					"$(inherited)",
					"@executable_path/Frameworks",
				);
				MARKETING_VERSION = 1.0;
				PRODUCT_BUNDLE_IDENTIFIER = "com.ShakFeizi.HotCoffee-Exp";
				PRODUCT_NAME = "$(TARGET_NAME)";
				SWIFT_EMIT_LOC_STRINGS = YES;
				SWIFT_VERSION = 5.0;
				TARGETED_DEVICE_FAMILY = "1,2";
			};
			name = Release;
		};
/* End XCBuildConfiguration section */

/* Begin XCConfigurationList section */
		6D468315289D6FD8007FB56D /* Build configuration list for PBXProject "HotCoffee_Exp" */ = {
			isa = XCConfigurationList;
			buildConfigurations = (
				6D46832B289D6FDA007FB56D /* Debug */,
				6D46832C289D6FDA007FB56D /* Release */,
			);
			defaultConfigurationIsVisible = 0;
			defaultConfigurationName = Release;
		};
		6D46832D289D6FDA007FB56D /* Build configuration list for PBXNativeTarget "HotCoffee_Exp" */ = {
			isa = XCConfigurationList;
			buildConfigurations = (
				6D46832E289D6FDA007FB56D /* Debug */,
				6D46832F289D6FDA007FB56D /* Release */,
			);
			defaultConfigurationIsVisible = 0;
			defaultConfigurationName = Release;
		};
/* End XCConfigurationList section */

/* Begin XCVersionGroup section */
		6D468328289D6FDA007FB56D /* HotCoffee_Exp.xcdatamodeld */ = {
			isa = XCVersionGroup;
			children = (
				6D468329289D6FDA007FB56D /* HotCoffee_Exp.xcdatamodel */,
			);
			currentVersion = 6D468329289D6FDA007FB56D /* HotCoffee_Exp.xcdatamodel */;
			path = HotCoffee_Exp.xcdatamodeld;
			sourceTree = "<group>";
			versionGroupType = wrapper.xcdatamodel;
		};
/* End XCVersionGroup section */
	};
	rootObject = 6D468312289D6FD8007FB56D /* Project object */;
}
